
Microsoft Visual Studio Solution File, Format Version 12.00
# Visual Studio Version 16
VisualStudioVersion = 16.0.31321.278
MinimumVisualStudioVersion = 10.0.40219.1
Project("{888888A0-9F3D-457C-B088-3A5042F75D52}") = "Terminal", "Terminal\Terminal.pyproj", "{7564425D-06B6-40FD-B84C-674B073E35AE}"
EndProject
Global
	GlobalSection(SolutionConfigurationPlatforms) = preSolution
		Debug|Any CPU = Debug|Any CPU
		Release|Any CPU = Release|Any CPU
	EndGlobalSection
	GlobalSection(ProjectConfigurationPlatforms) = postSolution
		{7564425D-06B6-40FD-B84C-674B073E35AE}.Debug|Any CPU.ActiveCfg = Debug|Any CPU
		{7564425D-06B6-40FD-B84C-674B073E35AE}.Release|Any CPU.ActiveCfg = Release|Any CPU
	EndGlobalSection
	GlobalSection(SolutionProperties) = preSolution
		HideSolutionNode = FALSE
	EndGlobalSection
	GlobalSection(ExtensibilityGlobals) = postSolution
		SolutionGuid = {6FF75915-58BB-439C-A977-F5A0C3E767DD}
	EndGlobalSection
EndGlobal
